
Microsoft Visual Studio Solution File, Format Version 12.00
# Visual Studio Version 16
VisualStudioVersion = 16.0.809.7
MinimumVisualStudioVersion = 10.0.40219.1
Project("{FAE04EC0-301F-11D3-BF4B-00C04F79EFBC}") = "Angular-ASPNET-Core-Seed", "Angular-ASPNET-Core-Seed.csproj", "{BC53555D-71A8-435D-AC11-549C950E3391}"
EndProject
Global
	GlobalSection(SolutionConfigurationPlatforms) = preSolution
		Debug|Any CPU = Debug|Any CPU
		Release|Any CPU = Release|Any CPU
	EndGlobalSection
	GlobalSection(ProjectConfigurationPlatforms) = postSolution
		{BC53555D-71A8-435D-AC11-549C950E3391}.Debug|Any CPU.ActiveCfg = Debug|Any CPU
		{BC53555D-71A8-435D-AC11-549C950E3391}.Debug|Any CPU.Build.0 = Debug|Any CPU
		{BC53555D-71A8-435D-AC11-549C950E3391}.Release|Any CPU.ActiveCfg = Release|Any CPU
		{BC53555D-71A8-435D-AC11-549C950E3391}.Release|Any CPU.Build.0 = Release|Any CPU
	EndGlobalSection
	GlobalSection(SolutionProperties) = preSolution
		HideSolutionNode = FALSE
	EndGlobalSection
	GlobalSection(ExtensibilityGlobals) = postSolution
		SolutionGuid = {E60518AD-E48D-40FD-AF7F-2F74E54051CF}
	EndGlobalSection
EndGlobal
